
Microsoft Visual Studio Solution File, Format Version 12.00
# Visual Studio 15
VisualStudioVersion = 15.0.28307.489
MinimumVisualStudioVersion = 10.0.40219.1
Project("{FAE04EC0-301F-11D3-BF4B-00C04F79EFBC}") = "ImageEditor", "ImageEditor\ImageEditor.csproj", "{8AF1F210-C017-458B-B661-ABF0FC3B453B}"
EndProject
Global
	GlobalSection(SolutionConfigurationPlatforms) = preSolution
		Debug|Any CPU = Debug|Any CPU
		Release|Any CPU = Release|Any CPU
	EndGlobalSection
	GlobalSection(ProjectConfigurationPlatforms) = postSolution
		{8AF1F210-C017-458B-B661-ABF0FC3B453B}.Debug|Any CPU.ActiveCfg = Debug|Any CPU
		{8AF1F210-C017-458B-B661-ABF0FC3B453B}.Debug|Any CPU.Build.0 = Debug|Any CPU
		{8AF1F210-C017-458B-B661-ABF0FC3B453B}.Release|Any CPU.ActiveCfg = Release|Any CPU
		{8AF1F210-C017-458B-B661-ABF0FC3B453B}.Release|Any CPU.Build.0 = Release|Any CPU
	EndGlobalSection
	GlobalSection(SolutionProperties) = preSolution
		HideSolutionNode = FALSE
	EndGlobalSection
	GlobalSection(ExtensibilityGlobals) = postSolution
		SolutionGuid = {3D3A681C-7B2A-41A8-B2FD-2612B27F37C2}
	EndGlobalSection
EndGlobal
